
Microsoft Visual Studio Solution File, Format Version 12.00
# Visual Studio Version 16
VisualStudioVersion = 16.0.30309.148
MinimumVisualStudioVersion = 10.0.40219.1
Project("{9A19103F-16F7-4668-BE54-9A1E7A4F7556}") = "WebServices", "CircuitImg\WebServices.csproj", "{D5DC38FC-1E02-45DF-9D11-038937BBA5D5}"
EndProject
Project("{FAE04EC0-301F-11D3-BF4B-00C04F79EFBC}") = "ImgDownloader", "ImgDownloader\ImgDownloader.csproj", "{11C4E57C-4775-4BE0-B749-76D5395207DB}"
EndProject
Global
	GlobalSection(SolutionConfigurationPlatforms) = preSolution
		Debug|Any CPU = Debug|Any CPU
		Release|Any CPU = Release|Any CPU
	EndGlobalSection
	GlobalSection(ProjectConfigurationPlatforms) = postSolution
		{D5DC38FC-1E02-45DF-9D11-038937BBA5D5}.Debug|Any CPU.ActiveCfg = Debug|Any CPU
		{D5DC38FC-1E02-45DF-9D11-038937BBA5D5}.Debug|Any CPU.Build.0 = Debug|Any CPU
		{D5DC38FC-1E02-45DF-9D11-038937BBA5D5}.Release|Any CPU.ActiveCfg = Release|Any CPU
		{D5DC38FC-1E02-45DF-9D11-038937BBA5D5}.Release|Any CPU.Build.0 = Release|Any CPU
		{11C4E57C-4775-4BE0-B749-76D5395207DB}.Debug|Any CPU.ActiveCfg = Debug|Any CPU
		{11C4E57C-4775-4BE0-B749-76D5395207DB}.Debug|Any CPU.Build.0 = Debug|Any CPU
		{11C4E57C-4775-4BE0-B749-76D5395207DB}.Release|Any CPU.ActiveCfg = Release|Any CPU
		{11C4E57C-4775-4BE0-B749-76D5395207DB}.Release|Any CPU.Build.0 = Release|Any CPU
	EndGlobalSection
	GlobalSection(SolutionProperties) = preSolution
		HideSolutionNode = FALSE
	EndGlobalSection
	GlobalSection(ExtensibilityGlobals) = postSolution
		SolutionGuid = {B2BFA8D7-B0B9-4BB1-8541-6407AC2B9CBA}
	EndGlobalSection
EndGlobal
